schema: '2.0'
stages:
  data_ingestion:
    cmd: python src/data/data_ingestion.py
    deps:
    - path: src/data/data_ingestion.py
      hash: md5
      md5: bb90bfe1d3421ae80bc439a161d04e3e
      size: 3449
    params:
      params.yaml:
        data_ingestion.test_size: 0.2
    outs:
    - path: data/raw
      hash: md5
      md5: 6d7c9717b531961233cd66af69381384.dir
      size: 817597
      nfiles: 2
  data_preprocessing:
    cmd: python src/data/data_preprocessing.py
    deps:
    - path: data/raw
      hash: md5
      md5: 6d7c9717b531961233cd66af69381384.dir
      size: 817597
      nfiles: 2
    - path: src/data/data_preprocessing.py
      hash: md5
      md5: 2031843912c4af269f668db21e154783
      size: 3895
    outs:
    - path: data/interim
      hash: md5
      md5: 17e84634b54fad2519f2748f9182d3d0.dir
      size: 562110
      nfiles: 2
  feature_engineering:
    cmd: python src/features/feature_engineering.py
    deps:
    - path: data/interim
      hash: md5
      md5: 17e84634b54fad2519f2748f9182d3d0.dir
      size: 562110
      nfiles: 2
    - path: src/features/feature_engineering.py
      hash: md5
      md5: d5b0c2172325bcbc8061f3c850e6d68d
      size: 3677
    params:
      params.yaml:
        feature_engineering.max_features: 50
    outs:
    - path: data/processed
      hash: md5
      md5: 8e614cc56bba474b5fc6075d8258d677.dir
      size: 2318742
      nfiles: 2
  model_building:
    cmd: python src/models/model_building.py
    deps:
    - path: data/processed
      hash: md5
      md5: 8e614cc56bba474b5fc6075d8258d677.dir
      size: 2318742
      nfiles: 2
    - path: src/models/model_building.py
      hash: md5
      md5: f6839371d11c82e16025e807cda957ed
      size: 2988
    params:
      params.yaml:
        model_building.learning_rate: 0.1
        model_building.n_estimators: 25
    outs:
    - path: models/model.pkl
      hash: md5
      md5: 8cb524e83e517921fe694f135a886036
      size: 38994
  model_evaluation:
    cmd: python src/models/model_evaluation.py
    deps:
    - path: models/model.pkl
      hash: md5
      md5: 8cb524e83e517921fe694f135a886036
      size: 38994
    - path: src/models/model_evaluation.py
      hash: md5
      md5: 6fc09c793dc4cb322c7f771c39397c30
      size: 3282
    outs:
    - path: reports/metrics.json
      hash: md5
      md5: e5dd57816a65c7d5611a8a77d55981db
      size: 140
